
Microsoft Visual Studio Solution File, Format Version 12.00
# Visual Studio Version 17
VisualStudioVersion = 17.7.34202.233
MinimumVisualStudioVersion = 10.0.40219.1
Project("{9A19103F-16F7-4668-BE54-9A1E7A4F7556}") = "FlameDating", "FlameDating\FlameDating.csproj", "{DE3FEEA8-2740-4349-8099-2FE01E58AEDD}"
EndProject
Project("{FAE04EC0-301F-11D3-BF4B-00C04F79EFBC}") = "FlameDating.Core", "FlameDating.Core\FlameDating.Core.csproj", "{426FAB80-365C-4650-BFE4-B5AD4A2E283D}"
EndProject
Project("{FAE04EC0-301F-11D3-BF4B-00C04F79EFBC}") = "FlameDating.Infrastructure", "FlameDating.Infrastructure\FlameDating.Infrastructure.csproj", "{83EDC9EF-6440-48BB-97B8-B0BD047B9D55}"
EndProject
Global
	GlobalSection(SolutionConfigurationPlatforms) = preSolution
		Debug|Any CPU = Debug|Any CPU
		Release|Any CPU = Release|Any CPU
	EndGlobalSection
	GlobalSection(ProjectConfigurationPlatforms) = postSolution
		{DE3FEEA8-2740-4349-8099-2FE01E58AEDD}.Debug|Any CPU.ActiveCfg = Debug|Any CPU
		{DE3FEEA8-2740-4349-8099-2FE01E58AEDD}.Debug|Any CPU.Build.0 = Debug|Any CPU
		{DE3FEEA8-2740-4349-8099-2FE01E58AEDD}.Release|Any CPU.ActiveCfg = Release|Any CPU
		{DE3FEEA8-2740-4349-8099-2FE01E58AEDD}.Release|Any CPU.Build.0 = Release|Any CPU
		{426FAB80-365C-4650-BFE4-B5AD4A2E283D}.Debug|Any CPU.ActiveCfg = Debug|Any CPU
		{426FAB80-365C-4650-BFE4-B5AD4A2E283D}.Debug|Any CPU.Build.0 = Debug|Any CPU
		{426FAB80-365C-4650-BFE4-B5AD4A2E283D}.Release|Any CPU.ActiveCfg = Release|Any CPU
		{426FAB80-365C-4650-BFE4-B5AD4A2E283D}.Release|Any CPU.Build.0 = Release|Any CPU
		{83EDC9EF-6440-48BB-97B8-B0BD047B9D55}.Debug|Any CPU.ActiveCfg = Debug|Any CPU
		{83EDC9EF-6440-48BB-97B8-B0BD047B9D55}.Debug|Any CPU.Build.0 = Debug|Any CPU
		{83EDC9EF-6440-48BB-97B8-B0BD047B9D55}.Release|Any CPU.ActiveCfg = Release|Any CPU
		{83EDC9EF-6440-48BB-97B8-B0BD047B9D55}.Release|Any CPU.Build.0 = Release|Any CPU
	EndGlobalSection
	GlobalSection(SolutionProperties) = preSolution
		HideSolutionNode = FALSE
	EndGlobalSection
	GlobalSection(ExtensibilityGlobals) = postSolution
		SolutionGuid = {40E46128-E912-4ABE-BFC8-31B396D4A6BF}
	EndGlobalSection
EndGlobal
